
Microsoft Visual Studio Solution File, Format Version 12.00
# Visual Studio Version 16
VisualStudioVersion = 16.0.28803.352
MinimumVisualStudioVersion = 10.0.40219.1
Project("{FAE04EC0-301F-11D3-BF4B-00C04F79EFBC}") = "FPace", "FPace\FPace.csproj", "{9FA8D6F9-23E2-4633-8F46-E9AC1F34E147}"
EndProject
Global
	GlobalSection(SolutionConfigurationPlatforms) = preSolution
		Debug|Any CPU = Debug|Any CPU
		Release|Any CPU = Release|Any CPU
	EndGlobalSection
	GlobalSection(ProjectConfigurationPlatforms) = postSolution
		{9FA8D6F9-23E2-4633-8F46-E9AC1F34E147}.Debug|Any CPU.ActiveCfg = Debug|Any CPU
		{9FA8D6F9-23E2-4633-8F46-E9AC1F34E147}.Debug|Any CPU.Build.0 = Debug|Any CPU
		{9FA8D6F9-23E2-4633-8F46-E9AC1F34E147}.Release|Any CPU.ActiveCfg = Release|Any CPU
		{9FA8D6F9-23E2-4633-8F46-E9AC1F34E147}.Release|Any CPU.Build.0 = Release|Any CPU
	EndGlobalSection
	GlobalSection(SolutionProperties) = preSolution
		HideSolutionNode = FALSE
	EndGlobalSection
	GlobalSection(ExtensibilityGlobals) = postSolution
		SolutionGuid = {A3A41F90-50D9-468D-9911-594CF3F1C45F}
	EndGlobalSection
EndGlobal
